
Microsoft Visual Studio Solution File, Format Version 12.00
# Visual Studio Version 17
VisualStudioVersion = 17.14.36301.6
MinimumVisualStudioVersion = 10.0.40219.1
Project("{FAE04EC0-301F-11D3-BF4B-00C04F79EFBC}") = "Cryptalk-Provisioner", "Cryptalk-Provisioner\Cryptalk-Provisioner.csproj", "{6C9076A7-39EB-4A21-AECE-F3DC4D075B27}"
EndProject
Project("{E53339B2-1760-4266-BCC7-CA923CBCF16C}") = "docker-compose", "docker-compose.dcproj", "{81DDED9D-158B-E303-5F62-77A2896D2A5A}"
EndProject
Global
	GlobalSection(SolutionConfigurationPlatforms) = preSolution
		Debug|Any CPU = Debug|Any CPU
		Release|Any CPU = Release|Any CPU
	EndGlobalSection
	GlobalSection(ProjectConfigurationPlatforms) = postSolution
		{6C9076A7-39EB-4A21-AECE-F3DC4D075B27}.Debug|Any CPU.ActiveCfg = Debug|Any CPU
		{6C9076A7-39EB-4A21-AECE-F3DC4D075B27}.Debug|Any CPU.Build.0 = Debug|Any CPU
		{6C9076A7-39EB-4A21-AECE-F3DC4D075B27}.Release|Any CPU.ActiveCfg = Release|Any CPU
		{6C9076A7-39EB-4A21-AECE-F3DC4D075B27}.Release|Any CPU.Build.0 = Release|Any CPU
		{81DDED9D-158B-E303-5F62-77A2896D2A5A}.Debug|Any CPU.ActiveCfg = Debug|Any CPU
		{81DDED9D-158B-E303-5F62-77A2896D2A5A}.Debug|Any CPU.Build.0 = Debug|Any CPU
		{81DDED9D-158B-E303-5F62-77A2896D2A5A}.Release|Any CPU.ActiveCfg = Release|Any CPU
		{81DDED9D-158B-E303-5F62-77A2896D2A5A}.Release|Any CPU.Build.0 = Release|Any CPU
	EndGlobalSection
	GlobalSection(SolutionProperties) = preSolution
		HideSolutionNode = FALSE
	EndGlobalSection
	GlobalSection(ExtensibilityGlobals) = postSolution
		SolutionGuid = {2EBA33B1-D772-42D4-8E3D-5013BF440306}
	EndGlobalSection
EndGlobal
